
Microsoft Visual Studio Solution File, Format Version 12.00
Project("{FAE04EC0-301F-11D3-BF4B-00C04F79EFBC}") = "CSharp_ChildrenCompetition", "CSharp_ChildrenCompetition\CSharp_ChildrenCompetition.csproj", "{1C5008AC-735A-4D90-9B73-0BA013D431E7}"
EndProject
Project("{FAE04EC0-301F-11D3-BF4B-00C04F79EFBC}") = "TestChildrenCompetition", "TestChildrenCompetition\TestChildrenCompetition.csproj", "{9302A2BF-4EC5-43FA-8A77-C3CB42D0849C}"
EndProject
Global
	GlobalSection(SolutionConfigurationPlatforms) = preSolution
		Debug|Any CPU = Debug|Any CPU
		Release|Any CPU = Release|Any CPU
	EndGlobalSection
	GlobalSection(ProjectConfigurationPlatforms) = postSolution
		{1C5008AC-735A-4D90-9B73-0BA013D431E7}.Debug|Any CPU.ActiveCfg = Debug|Any CPU
		{1C5008AC-735A-4D90-9B73-0BA013D431E7}.Debug|Any CPU.Build.0 = Debug|Any CPU
		{1C5008AC-735A-4D90-9B73-0BA013D431E7}.Release|Any CPU.ActiveCfg = Release|Any CPU
		{1C5008AC-735A-4D90-9B73-0BA013D431E7}.Release|Any CPU.Build.0 = Release|Any CPU
		{9302A2BF-4EC5-43FA-8A77-C3CB42D0849C}.Debug|Any CPU.ActiveCfg = Debug|Any CPU
		{9302A2BF-4EC5-43FA-8A77-C3CB42D0849C}.Debug|Any CPU.Build.0 = Debug|Any CPU
		{9302A2BF-4EC5-43FA-8A77-C3CB42D0849C}.Release|Any CPU.ActiveCfg = Release|Any CPU
		{9302A2BF-4EC5-43FA-8A77-C3CB42D0849C}.Release|Any CPU.Build.0 = Release|Any CPU
	EndGlobalSection
EndGlobal
