
Microsoft Visual Studio Solution File, Format Version 12.00
Project("{FAE04EC0-301F-11D3-BF4B-00C04F79EFBC}") = "CSharp_RestClient", "CSharp_RestClient\CSharp_RestClient.csproj", "{5564EDF3-DF24-4479-8E0F-CBF2C17B1DA8}"
EndProject
Global
	GlobalSection(SolutionConfigurationPlatforms) = preSolution
		Debug|Any CPU = Debug|Any CPU
		Release|Any CPU = Release|Any CPU
	EndGlobalSection
	GlobalSection(ProjectConfigurationPlatforms) = postSolution
		{5564EDF3-DF24-4479-8E0F-CBF2C17B1DA8}.Debug|Any CPU.ActiveCfg = Debug|Any CPU
		{5564EDF3-DF24-4479-8E0F-CBF2C17B1DA8}.Debug|Any CPU.Build.0 = Debug|Any CPU
		{5564EDF3-DF24-4479-8E0F-CBF2C17B1DA8}.Release|Any CPU.ActiveCfg = Release|Any CPU
		{5564EDF3-DF24-4479-8E0F-CBF2C17B1DA8}.Release|Any CPU.Build.0 = Release|Any CPU
	EndGlobalSection
EndGlobal
